
Microsoft Visual Studio Solution File, Format Version 12.00
# Visual Studio Version 17
VisualStudioVersion = 17.7.34024.191
MinimumVisualStudioVersion = 10.0.40219.1
Project("{FAE04EC0-301F-11D3-BF4B-00C04F79EFBC}") = "ClubDeportivo", "ClubDeportivo\ClubDeportivo.csproj", "{33A9BD8D-D350-4611-9A03-5EC833259AD9}"
EndProject
Global
	GlobalSection(SolutionConfigurationPlatforms) = preSolution
		Debug|Any CPU = Debug|Any CPU
		Release|Any CPU = Release|Any CPU
	EndGlobalSection
	GlobalSection(ProjectConfigurationPlatforms) = postSolution
		{33A9BD8D-D350-4611-9A03-5EC833259AD9}.Debug|Any CPU.ActiveCfg = Debug|Any CPU
		{33A9BD8D-D350-4611-9A03-5EC833259AD9}.Debug|Any CPU.Build.0 = Debug|Any CPU
		{33A9BD8D-D350-4611-9A03-5EC833259AD9}.Release|Any CPU.ActiveCfg = Release|Any CPU
		{33A9BD8D-D350-4611-9A03-5EC833259AD9}.Release|Any CPU.Build.0 = Release|Any CPU
	EndGlobalSection
	GlobalSection(SolutionProperties) = preSolution
		HideSolutionNode = FALSE
	EndGlobalSection
	GlobalSection(ExtensibilityGlobals) = postSolution
		SolutionGuid = {43B26133-FBB6-4B46-94BF-B40CE51E1DA5}
	EndGlobalSection
EndGlobal
